
Microsoft Visual Studio Solution File, Format Version 12.00
# Visual Studio Version 17
VisualStudioVersion = 17.5.33516.290
MinimumVisualStudioVersion = 10.0.40219.1
Project("{FAE04EC0-301F-11D3-BF4B-00C04F79EFBC}") = "BlackoutNotifierTelegramBot", "BlackoutNotifierTelegramBot\BlackoutNotifierTelegramBot.csproj", "{423B2A0D-DE47-4E84-9260-1BBDB7677AA7}"
EndProject
Global
	GlobalSection(SolutionConfigurationPlatforms) = preSolution
		Debug|Any CPU = Debug|Any CPU
		Release|Any CPU = Release|Any CPU
	EndGlobalSection
	GlobalSection(ProjectConfigurationPlatforms) = postSolution
		{423B2A0D-DE47-4E84-9260-1BBDB7677AA7}.Debug|Any CPU.ActiveCfg = Debug|Any CPU
		{423B2A0D-DE47-4E84-9260-1BBDB7677AA7}.Debug|Any CPU.Build.0 = Debug|Any CPU
		{423B2A0D-DE47-4E84-9260-1BBDB7677AA7}.Release|Any CPU.ActiveCfg = Release|Any CPU
		{423B2A0D-DE47-4E84-9260-1BBDB7677AA7}.Release|Any CPU.Build.0 = Release|Any CPU
	EndGlobalSection
	GlobalSection(SolutionProperties) = preSolution
		HideSolutionNode = FALSE
	EndGlobalSection
	GlobalSection(ExtensibilityGlobals) = postSolution
		SolutionGuid = {271DF90A-E2C0-4C88-B36A-6FFFBD25C8ED}
	EndGlobalSection
EndGlobal
